Microsoft Visual Studio Solution File, Format Version 12.00
# Visual Studio Version 17
VisualStudioVersion = 17.5.2.0
MinimumVisualStudioVersion = 10.0.40219.1
Project("{FAE04EC0-301F-11D3-BF4B-00C04F79EFBC}") = "PIM_2026", "PIM_2026.csproj", "{4160833F-A726-626C-99BD-F6BECB133601}"
EndProject
Global
	GlobalSection(SolutionConfigurationPlatforms) = preSolution
		Debug|Any CPU = Debug|Any CPU
		Release|Any CPU = Release|Any CPU
	EndGlobalSection
	GlobalSection(ProjectConfigurationPlatforms) = postSolution
		{4160833F-A726-626C-99BD-F6BECB133601}.Debug|Any CPU.ActiveCfg = Debug|Any CPU
		{4160833F-A726-626C-99BD-F6BECB133601}.Debug|Any CPU.Build.0 = Debug|Any CPU
		{4160833F-A726-626C-99BD-F6BECB133601}.Release|Any CPU.ActiveCfg = Release|Any CPU
		{4160833F-A726-626C-99BD-F6BECB133601}.Release|Any CPU.Build.0 = Release|Any CPU
	EndGlobalSection
	GlobalSection(SolutionProperties) = preSolution
		HideSolutionNode = FALSE
	EndGlobalSection
	GlobalSection(ExtensibilityGlobals) = postSolution
		SolutionGuid = {DEE8A318-A3C1-4223-BEEB-157809E25AB1}
	EndGlobalSection
EndGlobal
